<?xml version="1.0" encoding="utf-8"?>
<Project ToolsVersion="4.0" xmlns="http://schemas.microsoft.com/developer/msbuild/2003">
  <ItemGroup>
    <Filter Include="Source Files">
      <UniqueIdentifier>{4FC737F1-C7A5-4376-A066-2A32D752A2FF}</UniqueIdentifier>
      <Extensions>cpp;c;cc;cxx;c++;cppm;ixx;def;odl;idl;hpj;bat;asm;asmx</Extensions>
    </Filter>
    <Filter Include="Header Files">
      <UniqueIdentifier>{93995380-89BD-4b04-88EB-625FBE52EBFB}</UniqueIdentifier>
      <Extensions>h;hh;hpp;hxx;h++;hm;inl;inc;ipp;xsd</Extensions>
    </Filter>
    <Filter Include="Resource Files">
      <UniqueIdentifier>{67DA6AB6-F800-4c08-8B7A-83BB121AAD01}</UniqueIdentifier>
      <Extensions>rc;ico;cur;bmp;dlg;rc2;rct;bin;rgs;gif;jpg;jpeg;jpe;resx;tiff;tif;png;wav;mfcribbon-ms</Extensions>
    </Filter>
  </ItemGroup>
  <ItemGroup>
    <ClCompile Include="core\vulkan\basic.cpp">
      <Filter>Source Files</Filter>
    </ClCompile>
    <ClCompile Include="core\vulkan\App.cpp">
      <Filter>Source Files</Filter>
    </ClCompile>
    <ClCompile Include="core\vulkan\Lt_Window.cpp">
      <Filter>Source Files</Filter>
    </ClCompile>
    <ClCompile Include="core\engine\FileMgr.cpp">
      <Filter>Source Files</Filter>
    </ClCompile>
    <ClCompile Include="ThreadMgr.cpp">
      <Filter>Source Files</Filter>
    </ClCompile>
    <ClCompile Include="dep\backends\imgui_impl_vulkan.cpp">
      <Filter>Source Files</Filter>
    </ClCompile>
    <ClCompile Include="dep\backends\imgui_impl_glfw.cpp">
      <Filter>Source Files</Filter>
    </ClCompile>
    <ClCompile Include="dep\backends\imgui.cpp">
      <Filter>Source Files</Filter>
    </ClCompile>
    <ClCompile Include="dep\backends\imgui_impl_null.cpp">
      <Filter>Source Files</Filter>
    </ClCompile>
    <ClCompile Include="dep\backends\imgui_demo.cpp">
      <Filter>Source Files</Filter>
    </ClCompile>
    <ClCompile Include="dep\backends\imgui_draw.cpp">
      <Filter>Source Files</Filter>
    </ClCompile>
    <ClCompile Include="dep\backends\imgui_impl_opengl2.cpp">
      <Filter>Source Files</Filter>
    </ClCompile>
    <ClCompile Include="dep\backends\imgui_impl_opengl3.cpp">
      <Filter>Source Files</Filter>
    </ClCompile>
    <ClCompile Include="dep\backends\imgui_impl_win32.cpp">
      <Filter>Source Files</Filter>
    </ClCompile>
    <ClCompile Include="dep\backends\imgui_tables.cpp">
      <Filter>Source Files</Filter>
    </ClCompile>
    <ClCompile Include="dep\backends\imgui_widgets.cpp">
      <Filter>Source Files</Filter>
    </ClCompile>
    <ClCompile Include="core\vulkan\Reworked\PipelineDelegate.cpp">
      <Filter>Source Files</Filter>
    </ClCompile>
    <ClCompile Include="core\vulkan\Reworked\ImageDelegate.cpp">
      <Filter>Source Files</Filter>
    </ClCompile>
    <ClCompile Include="core\vulkan\Reworked\Buffers.cpp">
      <Filter>Source Files</Filter>
    </ClCompile>
    <ClCompile Include="core\vulkan\Reworked\DeviceHandler.cpp">
      <Filter>Source Files</Filter>
    </ClCompile>
    <ClCompile Include="core\vulkan\Reworked\CommandBuffers.cpp">
      <Filter>Source Files</Filter>
    </ClCompile>
    <ClCompile Include="core\vulkan\Reworked\LtBackend.cpp">
      <Filter>Source Files</Filter>
    </ClCompile>
    <ClCompile Include="core\vulkan\Reworked\DebugMessenger.cpp">
      <Filter>Source Files</Filter>
    </ClCompile>
    <ClCompile Include="core\vulkan\Reworked\SwapchainHandler.cpp">
      <Filter>Source Files</Filter>
    </ClCompile>
    <ClCompile Include="core\vulkan\Reworked\LtMesh.cpp">
      <Filter>Source Files</Filter>
    </ClCompile>
    <ClCompile Include="core\vulkan\Reworked\FileLoader.cpp">
      <Filter>Source Files</Filter>
    </ClCompile>
    <ClCompile Include="core\vulkan\InterfaceLayers\Lt_ILayer.cpp">
      <Filter>Source Files</Filter>
    </ClCompile>
    <ClCompile Include="core\vulkan\Reworked\LtSync.cpp">
      <Filter>Source Files</Filter>
    </ClCompile>
    <ClCompile Include="core\vulkan\Reworked\TemporaryDraw.cpp">
      <Filter>Source Files</Filter>
    </ClCompile>
  </ItemGroup>
  <ItemGroup>
    <ClInclude Include="core\vulkan\App.h">
      <Filter>Header Files</Filter>
    </ClInclude>
    <ClInclude Include="core\vulkan\Lt_Window.h">
      <Filter>Header Files</Filter>
    </ClInclude>
    <ClInclude Include="core\engine\FileMgr.h">
      <Filter>Header Files</Filter>
    </ClInclude>
    <ClInclude Include="ThreadMgr.h">
      <Filter>Header Files</Filter>
    </ClInclude>
    <ClInclude Include="dep\backends\imgui_impl_vulkan.h">
      <Filter>Header Files</Filter>
    </ClInclude>
    <ClInclude Include="dep\backends\imgui_impl_glfw.h">
      <Filter>Header Files</Filter>
    </ClInclude>
    <ClInclude Include="dep\backends\imconfig.h">
      <Filter>Header Files</Filter>
    </ClInclude>
    <ClInclude Include="dep\backends\imgui.h">
      <Filter>Header Files</Filter>
    </ClInclude>
    <ClInclude Include="dep\backends\imgui_impl_null.h">
      <Filter>Header Files</Filter>
    </ClInclude>
    <ClInclude Include="dep\backends\imgui_impl_opengl2.h">
      <Filter>Header Files</Filter>
    </ClInclude>
    <ClInclude Include="dep\backends\imgui_impl_opengl3.h">
      <Filter>Header Files</Filter>
    </ClInclude>
    <ClInclude Include="dep\backends\imgui_impl_opengl3_loader.h">
      <Filter>Header Files</Filter>
    </ClInclude>
    <ClInclude Include="dep\backends\imgui_impl_win32.h">
      <Filter>Header Files</Filter>
    </ClInclude>
    <ClInclude Include="dep\backends\imgui_internal.h">
      <Filter>Header Files</Filter>
    </ClInclude>
    <ClInclude Include="dep\backends\imstb_rectpack.h">
      <Filter>Header Files</Filter>
    </ClInclude>
    <ClInclude Include="dep\backends\imstb_textedit.h">
      <Filter>Header Files</Filter>
    </ClInclude>
    <ClInclude Include="dep\backends\imstb_truetype.h">
      <Filter>Header Files</Filter>
    </ClInclude>
    <ClInclude Include="core\vulkan\Reworked\PipelineDelegate.h">
      <Filter>Header Files</Filter>
    </ClInclude>
    <ClInclude Include="core\vulkan\Reworked\ImageDelegate.h">
      <Filter>Header Files</Filter>
    </ClInclude>
    <ClInclude Include="core\vulkan\Reworked\Buffers.h">
      <Filter>Header Files</Filter>
    </ClInclude>
    <ClInclude Include="core\vulkan\Reworked\DeviceHandler.h">
      <Filter>Header Files</Filter>
    </ClInclude>
    <ClInclude Include="core\vulkan\Reworked\CommandBuffers.h">
      <Filter>Header Files</Filter>
    </ClInclude>
    <ClInclude Include="core\vulkan\Reworked\LtBackend.h">
      <Filter>Header Files</Filter>
    </ClInclude>
    <ClInclude Include="core\vulkan\Reworked\DebugMessenger.h">
      <Filter>Header Files</Filter>
    </ClInclude>
    <ClInclude Include="core\vulkan\Reworked\SwapchainHandler.h">
      <Filter>Header Files</Filter>
    </ClInclude>
    <ClInclude Include="core\vulkan\Reworked\LtMesh.h">
      <Filter>Header Files</Filter>
    </ClInclude>
    <ClInclude Include="core\vulkan\Reworked\FileLoader.h">
      <Filter>Header Files</Filter>
    </ClInclude>
    <ClInclude Include="core\vulkan\InterfaceLayers\Lt_ILayer.h">
      <Filter>Header Files</Filter>
    </ClInclude>
    <ClInclude Include="core\vulkan\Reworked\LtSync.h">
      <Filter>Header Files</Filter>
    </ClInclude>
    <ClInclude Include="core\vulkan\Reworked\TemporaryDraw.h">
      <Filter>Header Files</Filter>
    </ClInclude>
  </ItemGroup>
  <ItemGroup>
    <None Include="shaders\shader.slang" />
    <None Include="shaders\Particle.slang" />
  </ItemGroup>
  <ItemGroup>
    <Text Include="core\engine\engine formatting.txt" />
    <Text Include="core\engine\notes\fileSys.txt" />
    <Text Include="core\engine\notes\codeGraph.txt" />
    <Text Include="core\engine\Log.txt" />
  </ItemGroup>
</Project>